code.cloudfoundry.org/credhub-cli v0.0.0-20190220153200-149fe65b6dcd h1:uzem3QSp4aaQRgOcI57vB6Yo0Kljt/8j7EexMmvp3Tg=
code.cloudfoundry.org/credhub-cli v0.0.0-20190220153200-149fe65b6dcd/go.mod h1:oZAAU/4R7ssJ+kighWL4VLyyyY+Utm8H9r721AE3edQ=
github.com/cloudfoundry/go-socks5 v0.0.0-20180221174514-54f73bdb8a8e h1:FQdRViaoDphGRfgrotl2QGsX1gbloe57dbGBS5CG6KY=
github.com/cloudfoundry/go-socks5 v0.0.0-20180221174514-54f73bdb8a8e/go.mod h1:PXmcacyJB/pJjSxEl15IU6rEIKXrhZQRzsr0UTkgNNs=
github.com/cloudfoundry/socks5-proxy v0.0.0-20180321211136-3c6b4eec9c2d h1:m8ZUT+5ZyDcyCLOeigNrT8STeNZiIMqkqZcNwzCbteE=
github.com/cloudfoundry/socks5-proxy v0.0.0-20180321211136-3c6b4eec9c2d/go.mod h1:0a+Ghg38uB86Dx+de84dFSkILTnBHzCpFMRnjHgSzi4=
github.com/golang/protobuf v1.3.2 h1:6nsPYzhq5kReh6QImI3k5qWzO4PEbvbIW2cwSfR/6xs=
github.com/golang/protobuf v1.3.2/go.mod h1:6lQm79b+lXiMfvg/cZm0SGofjICqVBUtrP5yJMmIC1U=
github.com/hashicorp/go-version v0.0.0-20180322230233-23480c066577 h1:at4+18LrM8myamuV7/vT6x2s1JNXp2k4PsSbt4I02X4=
github.com/hashicorp/go-version v0.0.0-20180322230233-23480c066577/go.mod h1:fltr4n8CU8Ke44wwGCBoEymUuxUHl09ZGVZPK5anwXA=
github.com/onsi/ginkgo v1.4.0 h1:n60/4GZK0Sr9O2iuGKq876Aoa0ER2ydgpMOBwzJ8e2c=
github.com/onsi/ginkgo v1.4.0/go.mod h1:lLunBs/Ym6LB5Z9jYTR76FiuTmxDTDusOGeTQH+WWjE=
github.com/onsi/gomega v1.3.0 h1:yPHEatyQC4jN3vdfvqJXG7O9vfC6LhaAV1NEdYpP+h0=
github.com/onsi/gomega v1.3.0/go.mod h1:C1qb7wdrVGGVU+Z6iS04AVkA3Q65CEZX59MT0QO5uiA=
github.com/satori/go.uuid v1.2.0 h1:0uYX9dsZ2yD7q2RtLRtPSdGDWzjeM3TbMJP9utgA0ww=
github.com/satori/go.uuid v1.2.0/go.mod h1:dA0hQrYB0VpLJoorglMZABFdXlWrHn1NEOzdhQKdks0=
golang.org/x/crypto v0.0.0-20180426230345-b49d69b5da94 h1:m5xBqfQdnzv6XuV/pJizrLOwUoGzyn1J249cA0cKL4o=
golang.org/x/crypto v0.0.0-20180426230345-b49d69b5da94/go.mod h1:6SG95UA2DQfeDnfUPMdvaQW0Q7yPrPDi9nlGo2tz2b4=
golang.org/x/net v0.0.0-20180420171651-5f9ae10d9af5 h1:ylIG3jIeS45kB0W95N19kS62fwermjMYLIyybf8xh9M=
golang.org/x/net v0.0.0-20180420171651-5f9ae10d9af5/go.mod h1:mL1N/T3taQHkDXs73rZJwtUhF3w3ftmwwsq0BUmARs4=
golang.org/x/sys v0.0.0-20180427151831-cbbc999da32d h1:50dJ9HJTx71MG4/LtVzB2w2xMeaNkxpZbrrro/cHSII=
golang.org/x/sys v0.0.0-20180427151831-cbbc999da32d/go.mod h1:STP8DvDyc/dI5b8T5hshtkjS+E42TnysNCUPdjciGhY=
golang.org/x/text v0.3.0 h1:g61tztE5qeGQ89tm6NTjjM9VPIm088od1l6aSorWRWg=
golang.org/x/text v0.3.0/go.mod h1:NqM8EUOU14njkJ3fqMW+pc6Ldnwhi/IjpwHt7yyuwOQ=
gopkg.in/check.v1 v0.0.0-20161208181325-20d25e280405 h1:yhCVgyC4o1eVCa2tZl7eS0r+SDo693bJlVdllGtEeKM=
gopkg.in/check.v1 v0.0.0-20161208181325-20d25e280405/go.mod h1:Co6ibVJAznAaIkqp8huTwlJQCZ016jof/cbN4VW5Yz0=
gopkg.in/yaml.v2 v2.2.1 h1:mUhvW9EsL+naU5Q3cakzfE91YhliOondGd6ZrsDBHQE=
gopkg.in/yaml.v2 v2.2.1/go.mod h1:hI93XBmqTisBFMUTm0b8Fm+jr3Dg1NNxqwp+5A1VGuI=
