# This file is autogenerated, do not edit; changes may be undone by the next 'dep ensure'.


[[projects]]
  branch = "master"
  digest = "1:4990954fd36311e5795dec59777be27221d358ec798bfc891c69572515f62f8f"
  name = "code.cloudfoundry.org/credhub-cli"
  packages = [
    "credhub",
    "credhub/auth",
    "credhub/auth/uaa",
    "credhub/credentials",
    "credhub/credentials/generate",
    "credhub/credentials/values",
    "credhub/permissions",
    "credhub/server",
    "errors",
  ]
  pruneopts = "UT"
  revision = "48121c9bf1617d1e3b5b04f59d6a53941f94a42c"

[[projects]]
  branch = "master"
  digest = "1:a8022e3b5ae297d4c99a589b772c607a15284107fc037127142e177ac16b30a0"
  name = "github.com/cloudfoundry/go-socks5"
  packages = ["."]
  pruneopts = "UT"
  revision = "54f73bdb8a8e85a6611d3d29ab9bbf98c2a060d7"

[[projects]]
  digest = "1:dfedafdd42492d6a20ac115b8e1d6ccc6085ffba33274d5f07e66b83e9a0b02b"
  name = "github.com/cloudfoundry/socks5-proxy"
  packages = ["."]
  pruneopts = "UT"
  revision = "633b6fe4c3d8d72a4e7397a948027db02a8e2a96"
  version = "v0.2.0"

[[projects]]
  branch = "master"
  digest = "1:e12b92b8bb20af6e299e9829534cfe790857702a988d3f0443e772c9d82a4fd2"
  name = "github.com/hashicorp/go-version"
  packages = ["."]
  pruneopts = "UT"
  revision = "23480c0665776210b5fbbac6eaaee40e3e6a96b7"

[[projects]]
  digest = "1:f4cbb10407f60c0263738e7b219b80ba99516aa9da187f44680d5b29360b3c9f"
  name = "github.com/onsi/ginkgo"
  packages = [
    ".",
    "config",
    "internal/codelocation",
    "internal/containernode",
    "internal/failer",
    "internal/leafnodes",
    "internal/remote",
    "internal/spec",
    "internal/spec_iterator",
    "internal/specrunner",
    "internal/suite",
    "internal/testingtproxy",
    "internal/writer",
    "reporters",
    "reporters/stenographer",
    "reporters/stenographer/support/go-colorable",
    "reporters/stenographer/support/go-isatty",
    "types",
  ]
  pruneopts = "UT"
  revision = "9eda700730cba42af70d53180f9dcce9266bc2bc"
  version = "v1.4.0"

[[projects]]
  digest = "1:f7972020aa715891374f50b4619442cbde533fa35f2ced3756a4f597c85ad191"
  name = "github.com/onsi/gomega"
  packages = [
    ".",
    "format",
    "gbytes",
    "gexec",
    "internal/assertion",
    "internal/asyncassertion",
    "internal/oraclematcher",
    "internal/testingtsupport",
    "matchers",
    "matchers/support/goraph/bipartitegraph",
    "matchers/support/goraph/edge",
    "matchers/support/goraph/node",
    "matchers/support/goraph/util",
    "types",
  ]
  pruneopts = "UT"
  revision = "003f63b7f4cff3fc95357005358af2de0f5fe152"
  version = "v1.3.0"

[[projects]]
  digest = "1:274f67cb6fed9588ea2521ecdac05a6d62a8c51c074c1fccc6a49a40ba80e925"
  name = "github.com/satori/go.uuid"
  packages = ["."]
  pruneopts = "UT"
  revision = "f58768cc1a7a7e77a3bd49e98cdd21419399b6a3"
  version = "v1.2.0"

[[projects]]
  branch = "master"
  digest = "1:f315d41f891b8171ea54e383db63439fe7c856a1f4475333508a1cac80475a12"
  name = "golang.org/x/crypto"
  packages = [
    "curve25519",
    "ed25519",
    "ed25519/internal/edwards25519",
    "internal/chacha20",
    "poly1305",
    "ssh",
  ]
  pruneopts = "UT"
  revision = "b49d69b5da943f7ef3c9cf91c8777c1f78a0cc3c"

[[projects]]
  branch = "master"
  digest = "1:3d1f00bd22ab36b22296d689c08553ad669c1df1557cc58d2dff21ff13717178"
  name = "golang.org/x/net"
  packages = [
    "context",
    "html",
    "html/atom",
    "html/charset",
    "internal/socks",
    "proxy",
  ]
  pruneopts = "UT"
  revision = "5f9ae10d9af5b1c89ae6904293b14b064d4ada23"

[[projects]]
  branch = "master"
  digest = "1:4057bcfb3790228dfabfe43f71a1e8c56df28698d20f5302f810e6194fde14ab"
  name = "golang.org/x/sys"
  packages = ["unix"]
  pruneopts = "UT"
  revision = "cbbc999da32df943dac6cd71eb3ee39e1d7838b9"

[[projects]]
  digest = "1:aa4d6967a3237f8367b6bf91503964a77183ecf696f1273e8ad3551bb4412b5f"
  name = "golang.org/x/text"
  packages = [
    "encoding",
    "encoding/charmap",
    "encoding/htmlindex",
    "encoding/internal",
    "encoding/internal/identifier",
    "encoding/japanese",
    "encoding/korean",
    "encoding/simplifiedchinese",
    "encoding/traditionalchinese",
    "encoding/unicode",
    "internal/gen",
    "internal/tag",
    "internal/utf8internal",
    "language",
    "runes",
    "transform",
    "unicode/cldr",
  ]
  pruneopts = "UT"
  revision = "f21a4dfb5e38f5895301dc265a8def02365cc3d0"
  version = "v0.3.0"

[[projects]]
  digest = "1:342378ac4dcb378a5448dd723f0784ae519383532f5e70ade24132c4c8693202"
  name = "gopkg.in/yaml.v2"
  packages = ["."]
  pruneopts = "UT"
  revision = "5420a8b6744d3b0345ab293f6fcba19c978f1183"
  version = "v2.2.1"

[solve-meta]
  analyzer-name = "dep"
  analyzer-version = 1
  input-imports = [
    "code.cloudfoundry.org/credhub-cli/credhub",
    "code.cloudfoundry.org/credhub-cli/credhub/auth",
    "code.cloudfoundry.org/credhub-cli/credhub/credentials",
    "code.cloudfoundry.org/credhub-cli/credhub/credentials/generate",
    "code.cloudfoundry.org/credhub-cli/credhub/credentials/values",
    "code.cloudfoundry.org/credhub-cli/credhub/permissions",
    "github.com/onsi/ginkgo",
    "github.com/onsi/gomega",
    "github.com/onsi/gomega/gbytes",
    "github.com/onsi/gomega/gexec",
    "github.com/onsi/gomega/types",
    "github.com/satori/go.uuid",
    "gopkg.in/yaml.v2",
  ]
  solver-name = "gps-cdcl"
  solver-version = 1
